
Microsoft Visual Studio Solution File, Format Version 12.00
# Visual Studio 15
VisualStudioVersion = 15.0.27004.2009
MinimumVisualStudioVersion = 10.0.40219.1
Project("{FAE04EC0-301F-11D3-BF4B-00C04F79EFBC}") = "Blackjack21", "Blackjack21\Blackjack21.csproj", "{D3A11CDF-EC2A-4869-A2D5-C89D469AC99B}"
EndProject
Global
	GlobalSection(SolutionConfigurationPlatforms) = preSolution
		Debug|Any CPU = Debug|Any CPU
		Release|Any CPU = Release|Any CPU
	EndGlobalSection
	GlobalSection(ProjectConfigurationPlatforms) = postSolution
		{D3A11CDF-EC2A-4869-A2D5-C89D469AC99B}.Debug|Any CPU.ActiveCfg = Debug|Any CPU
		{D3A11CDF-EC2A-4869-A2D5-C89D469AC99B}.Debug|Any CPU.Build.0 = Debug|Any CPU
		{D3A11CDF-EC2A-4869-A2D5-C89D469AC99B}.Release|Any CPU.ActiveCfg = Release|Any CPU
		{D3A11CDF-EC2A-4869-A2D5-C89D469AC99B}.Release|Any CPU.Build.0 = Release|Any CPU
	EndGlobalSection
	GlobalSection(SolutionProperties) = preSolution
		HideSolutionNode = FALSE
	EndGlobalSection
	GlobalSection(ExtensibilityGlobals) = postSolution
		SolutionGuid = {D69F9944-5003-4F36-B262-6C37C1383ABA}
	EndGlobalSection
EndGlobal
